
Microsoft Visual Studio Solution File, Format Version 12.00
# Visual Studio 15
VisualStudioVersion = 15.0.28307.489
MinimumVisualStudioVersion = 10.0.40219.1
Project("{FAE04EC0-301F-11D3-BF4B-00C04F79EFBC}") = "UniManagementApp.entities", "UniManagementApp.entities\UniManagementApp.entities.csproj", "{60C6FC9B-70C9-43E3-86D7-B386C85686B4}"
EndProject
Project("{FAE04EC0-301F-11D3-BF4B-00C04F79EFBC}") = "UniManagementApp.Db", "UniManagementApp.Db\UniManagementApp.Db.csproj", "{B242DC98-9722-4AB0-A814-D1A871E3C312}"
EndProject
Project("{FAE04EC0-301F-11D3-BF4B-00C04F79EFBC}") = "UniManagementApp.Style", "UniManagementApp.Style\UniManagementApp.Style.csproj", "{11467CE4-460E-4FE4-8872-A0245459059C}"
EndProject
Project("{FAE04EC0-301F-11D3-BF4B-00C04F79EFBC}") = "UniManagementApp.service", "UniManagementApp.service\UniManagementApp.service.csproj", "{6E558861-826D-4970-BAA8-8EF45026121E}"
EndProject
Project("{FAE04EC0-301F-11D3-BF4B-00C04F79EFBC}") = "UniManagementApp", "UniManagementApp\UniManagementApp.csproj", "{1148E2FF-3E7E-4391-8856-9EAF97C7EEF8}"
EndProject
Global
	GlobalSection(SolutionConfigurationPlatforms) = preSolution
		Debug|Any CPU = Debug|Any CPU
		Release|Any CPU = Release|Any CPU
	EndGlobalSection
	GlobalSection(ProjectConfigurationPlatforms) = postSolution
		{60C6FC9B-70C9-43E3-86D7-B386C85686B4}.Debug|Any CPU.ActiveCfg = Debug|Any CPU
		{60C6FC9B-70C9-43E3-86D7-B386C85686B4}.Debug|Any CPU.Build.0 = Debug|Any CPU
		{60C6FC9B-70C9-43E3-86D7-B386C85686B4}.Release|Any CPU.ActiveCfg = Release|Any CPU
		{60C6FC9B-70C9-43E3-86D7-B386C85686B4}.Release|Any CPU.Build.0 = Release|Any CPU
		{B242DC98-9722-4AB0-A814-D1A871E3C312}.Debug|Any CPU.ActiveCfg = Debug|Any CPU
		{B242DC98-9722-4AB0-A814-D1A871E3C312}.Debug|Any CPU.Build.0 = Debug|Any CPU
		{B242DC98-9722-4AB0-A814-D1A871E3C312}.Release|Any CPU.ActiveCfg = Release|Any CPU
		{B242DC98-9722-4AB0-A814-D1A871E3C312}.Release|Any CPU.Build.0 = Release|Any CPU
		{11467CE4-460E-4FE4-8872-A0245459059C}.Debug|Any CPU.ActiveCfg = Debug|Any CPU
		{11467CE4-460E-4FE4-8872-A0245459059C}.Debug|Any CPU.Build.0 = Debug|Any CPU
		{11467CE4-460E-4FE4-8872-A0245459059C}.Release|Any CPU.ActiveCfg = Release|Any CPU
		{11467CE4-460E-4FE4-8872-A0245459059C}.Release|Any CPU.Build.0 = Release|Any CPU
		{6E558861-826D-4970-BAA8-8EF45026121E}.Debug|Any CPU.ActiveCfg = Debug|Any CPU
		{6E558861-826D-4970-BAA8-8EF45026121E}.Debug|Any CPU.Build.0 = Debug|Any CPU
		{6E558861-826D-4970-BAA8-8EF45026121E}.Release|Any CPU.ActiveCfg = Release|Any CPU
		{6E558861-826D-4970-BAA8-8EF45026121E}.Release|Any CPU.Build.0 = Release|Any CPU
		{1148E2FF-3E7E-4391-8856-9EAF97C7EEF8}.Debug|Any CPU.ActiveCfg = Debug|Any CPU
		{1148E2FF-3E7E-4391-8856-9EAF97C7EEF8}.Debug|Any CPU.Build.0 = Debug|Any CPU
		{1148E2FF-3E7E-4391-8856-9EAF97C7EEF8}.Release|Any CPU.ActiveCfg = Release|Any CPU
		{1148E2FF-3E7E-4391-8856-9EAF97C7EEF8}.Release|Any CPU.Build.0 = Release|Any CPU
	EndGlobalSection
	GlobalSection(SolutionProperties) = preSolution
		HideSolutionNode = FALSE
	EndGlobalSection
	GlobalSection(ExtensibilityGlobals) = postSolution
		SolutionGuid = {C6C22DA3-4A62-466A-AF86-3C935ECE20AC}
	EndGlobalSection
EndGlobal
