
Microsoft Visual Studio Solution File, Format Version 12.00
# Visual Studio 15
VisualStudioVersion = 15.0.28307.489
MinimumVisualStudioVersion = 10.0.40219.1
Project("{FAE04EC0-301F-11D3-BF4B-00C04F79EFBC}") = "UniManagementApp.web", "UniManagementApp.web\UniManagementApp.web.csproj", "{166B7D06-5D0E-4CB4-BA1B-14A0EB903249}"
EndProject
Global
	GlobalSection(SolutionConfigurationPlatforms) = preSolution
		Debug|Any CPU = Debug|Any CPU
		Release|Any CPU = Release|Any CPU
	EndGlobalSection
	GlobalSection(ProjectConfigurationPlatforms) = postSolution
		{166B7D06-5D0E-4CB4-BA1B-14A0EB903249}.Debug|Any CPU.ActiveCfg = Debug|Any CPU
		{166B7D06-5D0E-4CB4-BA1B-14A0EB903249}.Debug|Any CPU.Build.0 = Debug|Any CPU
		{166B7D06-5D0E-4CB4-BA1B-14A0EB903249}.Release|Any CPU.ActiveCfg = Release|Any CPU
		{166B7D06-5D0E-4CB4-BA1B-14A0EB903249}.Release|Any CPU.Build.0 = Release|Any CPU
	EndGlobalSection
	GlobalSection(SolutionProperties) = preSolution
		HideSolutionNode = FALSE
	EndGlobalSection
	GlobalSection(ExtensibilityGlobals) = postSolution
		SolutionGuid = {C6C22DA3-4A62-466A-AF86-3C935ECE20AC}
	EndGlobalSection
EndGlobal
